// !$*UTF8*$!
{
	archiveVersion = 1;
	classes = {
	};
	objectVersion = 46;
	objects = {

/* Begin PBXBuildFile section */
		0226ACC719CF735400F21AEB /* ConversationsViewController.swift in Sources */ = {isa = PBXBuildFile; fileRef = 0226ACC619CF735400F21AEB /* ConversationsViewController.swift */; };
		0226ACC919CF7D9800F21AEB /* SettingsViewController.swift in Sources */ = {isa = PBXBuildFile; fileRef = 0226ACC819CF7D9800F21AEB /* SettingsViewController.swift */; };
		022DB2C319CCABD000E1914B /* IntroScrollViewController.swift in Sources */ = {isa = PBXBuildFile; fileRef = 022DB2C219CCABD000E1914B /* IntroScrollViewController.swift */; };
		022DB2C519CCB2CF00E1914B /* LogInViewController.swift in Sources */ = {isa = PBXBuildFile; fileRef = 022DB2C419CCB2CF00E1914B /* LogInViewController.swift */; };
		022DB2C719CCB40900E1914B /* SignInViewController.swift in Sources */ = {isa = PBXBuildFile; fileRef = 022DB2C619CCB40900E1914B /* SignInViewController.swift */; };
		022DB2C919CCEC2200E1914B /* OnboardingViewController.swift in Sources */ = {isa = PBXBuildFile; fileRef = 022DB2C819CCEC2200E1914B /* OnboardingViewController.swift */; };
		022DB2CB19CCF80500E1914B /* ImagesViewController.swift in Sources */ = {isa = PBXBuildFile; fileRef = 022DB2CA19CCF80500E1914B /* ImagesViewController.swift */; };
		022EEACF19D0ABC100F31883 /* CreateDropboxViewController.swift in Sources */ = {isa = PBXBuildFile; fileRef = 022EEACE19D0ABC100F31883 /* CreateDropboxViewController.swift */; };
		022EEAD119D0DD3300F31883 /* TermsWebViewController.swift in Sources */ = {isa = PBXBuildFile; fileRef = 022EEAD019D0DD3300F31883 /* TermsWebViewController.swift */; };
		02EE2F8419CCA0B400B1EC1B /* AppDelegate.swift in Sources */ = {isa = PBXBuildFile; fileRef = 02EE2F8319CCA0B400B1EC1B /* AppDelegate.swift */; };
		02EE2F8619CCA0B400B1EC1B /* ViewController.swift in Sources */ = {isa = PBXBuildFile; fileRef = 02EE2F8519CCA0B400B1EC1B /* ViewController.swift */; };
		02EE2F8919CCA0B400B1EC1B /* Main.storyboard in Resources */ = {isa = PBXBuildFile; fileRef = 02EE2F8719CCA0B400B1EC1B /* Main.storyboard */; };
		02EE2F8B19CCA0B400B1EC1B /* Images.xcassets in Resources */ = {isa = PBXBuildFile; fileRef = 02EE2F8A19CCA0B400B1EC1B /* Images.xcassets */; };
		02EE2F8E19CCA0B400B1EC1B /* LaunchScreen.xib in Resources */ = {isa = PBXBuildFile; fileRef = 02EE2F8C19CCA0B400B1EC1B /* LaunchScreen.xib */; };
		02EE2F9A19CCA0B400B1EC1B /* CodePath___CarouselTests.swift in Sources */ = {isa = PBXBuildFile; fileRef = 02EE2F9919CCA0B400B1EC1B /* CodePath___CarouselTests.swift */; };
/* End PBXBuildFile section */

/* Begin PBXContainerItemProxy section */
		02EE2F9419CCA0B400B1EC1B /* PBXContainerItemProxy */ = {
			isa = PBXContainerItemProxy;
			containerPortal = 02EE2F7619CCA0B400B1EC1B /* Project object */;
			proxyType = 1;
			remoteGlobalIDString = 02EE2F7D19CCA0B400B1EC1B;
			remoteInfo = "CodePath - Carousel";
		};
/* End PBXContainerItemProxy section */

/* Begin PBXFileReference section */
		0226ACC619CF735400F21AEB /* ConversationsViewController.swift */ = {isa = PBXFileReference; fileEncoding = 4; lastKnownFileType = sourcecode.swift; path = ConversationsViewController.swift; sourceTree = "<group>"; };
		0226ACC819CF7D9800F21AEB /* SettingsViewController.swift */ = {isa = PBXFileReference; fileEncoding = 4; lastKnownFileType = sourcecode.swift; path = SettingsViewController.swift; sourceTree = "<group>"; };
		022DB2C219CCABD000E1914B /* IntroScrollViewController.swift */ = {isa = PBXFileReference; fileEncoding = 4; lastKnownFileType = sourcecode.swift; path = IntroScrollViewController.swift; sourceTree = "<group>"; };
		022DB2C419CCB2CF00E1914B /* LogInViewController.swift */ = {isa = PBXFileReference; fileEncoding = 4; lastKnownFileType = sourcecode.swift; path = LogInViewController.swift; sourceTree = "<group>"; };
		022DB2C619CCB40900E1914B /* SignInViewController.swift */ = {isa = PBXFileReference; fileEncoding = 4; lastKnownFileType = sourcecode.swift; path = SignInViewController.swift; sourceTree = "<group>"; };
		022DB2C819CCEC2200E1914B /* OnboardingViewController.swift */ = {isa = PBXFileReference; fileEncoding = 4; lastKnownFileType = sourcecode.swift; path = OnboardingViewController.swift; sourceTree = "<group>"; };
		022DB2CA19CCF80500E1914B /* ImagesViewController.swift */ = {isa = PBXFileReference; fileEncoding = 4; lastKnownFileType = sourcecode.swift; path = ImagesViewController.swift; sourceTree = "<group>"; };
		022EEACE19D0ABC100F31883 /* CreateDropboxViewController.swift */ = {isa = PBXFileReference; fileEncoding = 4; lastKnownFileType = sourcecode.swift; path = CreateDropboxViewController.swift; sourceTree = "<group>"; };
		022EEAD019D0DD3300F31883 /* TermsWebViewController.swift */ = {isa = PBXFileReference; fileEncoding = 4; lastKnownFileType = sourcecode.swift; path = TermsWebViewController.swift; sourceTree = "<group>"; };
		02EE2F7E19CCA0B400B1EC1B /* CodePath - Carousel.app */ = {isa = PBXFileReference; explicitFileType = wrapper.application; includeInIndex = 0; path = "CodePath - Carousel.app"; sourceTree = BUILT_PRODUCTS_DIR; };
		02EE2F8219CCA0B400B1EC1B /* Info.plist */ = {isa = PBXFileReference; lastKnownFileType = text.plist.xml; path = Info.plist; sourceTree = "<group>"; };
		02EE2F8319CCA0B400B1EC1B /* AppDelegate.swift */ = {isa = PBXFileReference; lastKnownFileType = sourcecode.swift; path = AppDelegate.swift; sourceTree = "<group>"; };
		02EE2F8519CCA0B400B1EC1B /* ViewController.swift */ = {isa = PBXFileReference; lastKnownFileType = sourcecode.swift; path = ViewController.swift; sourceTree = "<group>"; };
		02EE2F8819CCA0B400B1EC1B /* Base */ = {isa = PBXFileReference; lastKnownFileType = file.storyboard; name = Base; path = Base.lproj/Main.storyboard; sourceTree = "<group>"; };
		02EE2F8A19CCA0B400B1EC1B /* Images.xcassets */ = {isa = PBXFileReference; lastKnownFileType = folder.assetcatalog; path = Images.xcassets; sourceTree = "<group>"; };
		02EE2F8D19CCA0B400B1EC1B /* Base */ = {isa = PBXFileReference; lastKnownFileType = file.xib; name = Base; path = Base.lproj/LaunchScreen.xib; sourceTree = "<group>"; };
		02EE2F9319CCA0B400B1EC1B /* CodePath - CarouselTests.xctest */ = {isa = PBXFileReference; explicitFileType = wrapper.cfbundle; includeInIndex = 0; path = "CodePath - CarouselTests.xctest"; sourceTree = BUILT_PRODUCTS_DIR; };
		02EE2F9819CCA0B400B1EC1B /* Info.plist */ = {isa = PBXFileReference; lastKnownFileType = text.plist.xml; path = Info.plist; sourceTree = "<group>"; };
		02EE2F9919CCA0B400B1EC1B /* CodePath___CarouselTests.swift */ = {isa = PBXFileReference; lastKnownFileType = sourcecode.swift; path = "CodePath___CarouselTests.swift"; sourceTree = "<group>"; };
/* End PBXFileReference section */

/* Begin PBXFrameworksBuildPhase section */
		02EE2F7B19CCA0B400B1EC1B /* Frameworks */ = {
			isa = PBXFrameworksBuildPhase;
			buildActionMask = 2147483647;
			files = (
			);
			runOnlyForDeploymentPostprocessing = 0;
		};
		02EE2F9019CCA0B400B1EC1B /* Frameworks */ = {
			isa = PBXFrameworksBuildPhase;
			buildActionMask = 2147483647;
			files = (
			);
			runOnlyForDeploymentPostprocessing = 0;
		};
/* End PBXFrameworksBuildPhase section */

/* Begin PBXGroup section */
		02EE2F7519CCA0B400B1EC1B = {
			isa = PBXGroup;
			children = (
				02EE2F8019CCA0B400B1EC1B /* CodePath - Carousel */,
				02EE2F9619CCA0B400B1EC1B /* CodePath - CarouselTests */,
				02EE2F7F19CCA0B400B1EC1B /* Products */,
			);
			sourceTree = "<group>";
		};
		02EE2F7F19CCA0B400B1EC1B /* Products */ = {
			isa = PBXGroup;
			children = (
				02EE2F7E19CCA0B400B1EC1B /* CodePath - Carousel.app */,
				02EE2F9319CCA0B400B1EC1B /* CodePath - CarouselTests.xctest */,
			);
			name = Products;
			sourceTree = "<group>";
		};
		02EE2F8019CCA0B400B1EC1B /* CodePath - Carousel */ = {
			isa = PBXGroup;
			children = (
				022DB2C219CCABD000E1914B /* IntroScrollViewController.swift */,
				02EE2F8319CCA0B400B1EC1B /* AppDelegate.swift */,
				02EE2F8519CCA0B400B1EC1B /* ViewController.swift */,
				02EE2F8719CCA0B400B1EC1B /* Main.storyboard */,
				022EEAD019D0DD3300F31883 /* TermsWebViewController.swift */,
				022EEACE19D0ABC100F31883 /* CreateDropboxViewController.swift */,
				0226ACC819CF7D9800F21AEB /* SettingsViewController.swift */,
				0226ACC619CF735400F21AEB /* ConversationsViewController.swift */,
				022DB2CA19CCF80500E1914B /* ImagesViewController.swift */,
				022DB2C819CCEC2200E1914B /* OnboardingViewController.swift */,
				022DB2C619CCB40900E1914B /* SignInViewController.swift */,
				022DB2C419CCB2CF00E1914B /* LogInViewController.swift */,
				02EE2F8A19CCA0B400B1EC1B /* Images.xcassets */,
				02EE2F8C19CCA0B400B1EC1B /* LaunchScreen.xib */,
				02EE2F8119CCA0B400B1EC1B /* Supporting Files */,
			);
			path = "CodePath - Carousel";
			sourceTree = "<group>";
		};
		02EE2F8119CCA0B400B1EC1B /* Supporting Files */ = {
			isa = PBXGroup;
			children = (
				02EE2F8219CCA0B400B1EC1B /* Info.plist */,
			);
			name = "Supporting Files";
			sourceTree = "<group>";
		};
		02EE2F9619CCA0B400B1EC1B /* CodePath - CarouselTests */ = {
			isa = PBXGroup;
			children = (
				02EE2F9919CCA0B400B1EC1B /* CodePath___CarouselTests.swift */,
				02EE2F9719CCA0B400B1EC1B /* Supporting Files */,
			);
			path = "CodePath - CarouselTests";
			sourceTree = "<group>";
		};
		02EE2F9719CCA0B400B1EC1B /* Supporting Files */ = {
			isa = PBXGroup;
			children = (
				02EE2F9819CCA0B400B1EC1B /* Info.plist */,
			);
			name = "Supporting Files";
			sourceTree = "<group>";
		};
/* End PBXGroup section */

/* Begin PBXNativeTarget section */
		02EE2F7D19CCA0B400B1EC1B /* CodePath - Carousel */ = {
			isa = PBXNativeTarget;
			buildConfigurationList = 02EE2F9D19CCA0B400B1EC1B /* Build configuration list for PBXNativeTarget "CodePath - Carousel" */;
			buildPhases = (
				02EE2F7A19CCA0B400B1EC1B /* Sources */,
				02EE2F7B19CCA0B400B1EC1B /* Frameworks */,
				02EE2F7C19CCA0B400B1EC1B /* Resources */,
			);
			buildRules = (
			);
			dependencies = (
			);
			name = "CodePath - Carousel";
			productName = "CodePath - Carousel";
			productReference = 02EE2F7E19CCA0B400B1EC1B /* CodePath - Carousel.app */;
			productType = "com.apple.product-type.application";
		};
		02EE2F9219CCA0B400B1EC1B /* CodePath - CarouselTests */ = {
			isa = PBXNativeTarget;
			buildConfigurationList = 02EE2FA019CCA0B400B1EC1B /* Build configuration list for PBXNativeTarget "CodePath - CarouselTests" */;
			buildPhases = (
				02EE2F8F19CCA0B400B1EC1B /* Sources */,
				02EE2F9019CCA0B400B1EC1B /* Frameworks */,
				02EE2F9119CCA0B400B1EC1B /* Resources */,
			);
			buildRules = (
			);
			dependencies = (
				02EE2F9519CCA0B400B1EC1B /* PBXTargetDependency */,
			);
			name = "CodePath - CarouselTests";
			productName = "CodePath - CarouselTests";
			productReference = 02EE2F9319CCA0B400B1EC1B /* CodePath - CarouselTests.xctest */;
			productType = "com.apple.product-type.bundle.unit-test";
		};
/* End PBXNativeTarget section */

/* Begin PBXProject section */
		02EE2F7619CCA0B400B1EC1B /* Project object */ = {
			isa = PBXProject;
			attributes = {
				LastUpgradeCheck = 0600;
				ORGANIZATIONNAME = "Sara Menefee";
				TargetAttributes = {
					02EE2F7D19CCA0B400B1EC1B = {
						CreatedOnToolsVersion = 6.0;
					};
					02EE2F9219CCA0B400B1EC1B = {
						CreatedOnToolsVersion = 6.0;
						TestTargetID = 02EE2F7D19CCA0B400B1EC1B;
					};
				};
			};
			buildConfigurationList = 02EE2F7919CCA0B400B1EC1B /* Build configuration list for PBXProject "CodePath - Carousel" */;
			compatibilityVersion = "Xcode 3.2";
			developmentRegion = English;
			hasScannedForEncodings = 0;
			knownRegions = (
				en,
				Base,
			);
			mainGroup = 02EE2F7519CCA0B400B1EC1B;
			productRefGroup = 02EE2F7F19CCA0B400B1EC1B /* Products */;
			projectDirPath = "";
			projectRoot = "";
			targets = (
				02EE2F7D19CCA0B400B1EC1B /* CodePath - Carousel */,
				02EE2F9219CCA0B400B1EC1B /* CodePath - CarouselTests */,
			);
		};
/* End PBXProject section */

/* Begin PBXResourcesBuildPhase section */
		02EE2F7C19CCA0B400B1EC1B /* Resources */ = {
			isa = PBXResourcesBuildPhase;
			buildActionMask = 2147483647;
			files = (
				02EE2F8919CCA0B400B1EC1B /* Main.storyboard in Resources */,
				02EE2F8E19CCA0B400B1EC1B /* LaunchScreen.xib in Resources */,
				02EE2F8B19CCA0B400B1EC1B /* Images.xcassets in Resources */,
			);
			runOnlyForDeploymentPostprocessing = 0;
		};
		02EE2F9119CCA0B400B1EC1B /* Resources */ = {
			isa = PBXResourcesBuildPhase;
			buildActionMask = 2147483647;
			files = (
			);
			runOnlyForDeploymentPostprocessing = 0;
		};
/* End PBXResourcesBuildPhase section */

/* Begin PBXSourcesBuildPhase section */
		02EE2F7A19CCA0B400B1EC1B /* Sources */ = {
			isa = PBXSourcesBuildPhase;
			buildActionMask = 2147483647;
			files = (
				022DB2C519CCB2CF00E1914B /* LogInViewController.swift in Sources */,
				022DB2CB19CCF80500E1914B /* ImagesViewController.swift in Sources */,
				022EEAD119D0DD3300F31883 /* TermsWebViewController.swift in Sources */,
				022DB2C919CCEC2200E1914B /* OnboardingViewController.swift in Sources */,
				0226ACC719CF735400F21AEB /* ConversationsViewController.swift in Sources */,
				02EE2F8619CCA0B400B1EC1B /* ViewController.swift in Sources */,
				022EEACF19D0ABC100F31883 /* CreateDropboxViewController.swift in Sources */,
				02EE2F8419CCA0B400B1EC1B /* AppDelegate.swift in Sources */,
				022DB2C719CCB40900E1914B /* SignInViewController.swift in Sources */,
				022DB2C319CCABD000E1914B /* IntroScrollViewController.swift in Sources */,
				0226ACC919CF7D9800F21AEB /* SettingsViewController.swift in Sources */,
			);
			runOnlyForDeploymentPostprocessing = 0;
		};
		02EE2F8F19CCA0B400B1EC1B /* Sources */ = {
			isa = PBXSourcesBuildPhase;
			buildActionMask = 2147483647;
			files = (
				02EE2F9A19CCA0B400B1EC1B /* CodePath___CarouselTests.swift in Sources */,
			);
			runOnlyForDeploymentPostprocessing = 0;
		};
/* End PBXSourcesBuildPhase section */

/* Begin PBXTargetDependency section */
		02EE2F9519CCA0B400B1EC1B /* PBXTargetDependency */ = {
			isa = PBXTargetDependency;
			target = 02EE2F7D19CCA0B400B1EC1B /* CodePath - Carousel */;
			targetProxy = 02EE2F9419CCA0B400B1EC1B /* PBXContainerItemProxy */;
		};
/* End PBXTargetDependency section */

/* Begin PBXVariantGroup section */
		02EE2F8719CCA0B400B1EC1B /* Main.storyboard */ = {
			isa = PBXVariantGroup;
			children = (
				02EE2F8819CCA0B400B1EC1B /* Base */,
			);
			name = Main.storyboard;
			sourceTree = "<group>";
		};
		02EE2F8C19CCA0B400B1EC1B /* LaunchScreen.xib */ = {
			isa = PBXVariantGroup;
			children = (
				02EE2F8D19CCA0B400B1EC1B /* Base */,
			);
			name = LaunchScreen.xib;
			sourceTree = "<group>";
		};
/* End PBXVariantGroup section */

/* Begin XCBuildConfiguration section */
		02EE2F9B19CCA0B400B1EC1B /* Debug */ = {
			isa = XCBuildConfiguration;
			buildSettings = {
				ALWAYS_SEARCH_USER_PATHS = NO;
				CLANG_CXX_LANGUAGE_STANDARD = "gnu++0x";
				CLANG_CXX_LIBRARY = "libc++";
				CLANG_ENABLE_MODULES = YES;
				CLANG_ENABLE_OBJC_ARC = YES;
				CLANG_WARN_BOOL_CONVERSION = YES;
				CLANG_WARN_CONSTANT_CONVERSION = YES;
				CLANG_WARN_DIRECT_OBJC_ISA_USAGE = YES_ERROR;
				CLANG_WARN_EMPTY_BODY = YES;
				CLANG_WARN_ENUM_CONVERSION = YES;
				CLANG_WARN_INT_CONVERSION = YES;
				CLANG_WARN_OBJC_ROOT_CLASS = YES_ERROR;
				CLANG_WARN_UNREACHABLE_CODE = YES;
				CLANG_WARN__DUPLICATE_METHOD_MATCH = YES;
				"CODE_SIGN_IDENTITY[sdk=iphoneos*]" = "iPhone Developer";
				COPY_PHASE_STRIP = NO;
				ENABLE_STRICT_OBJC_MSGSEND = YES;
				GCC_C_LANGUAGE_STANDARD = gnu99;
				GCC_DYNAMIC_NO_PIC = NO;
				GCC_OPTIMIZATION_LEVEL = 0;
				GCC_PREPROCESSOR_DEFINITIONS = (
					"DEBUG=1",
					"$(inherited)",
				);
				GCC_SYMBOLS_PRIVATE_EXTERN = NO;
				GCC_WARN_64_TO_32_BIT_CONVERSION = YES;
				GCC_WARN_ABOUT_RETURN_TYPE = YES_ERROR;
				GCC_WARN_UNDECLARED_SELECTOR = YES;
				GCC_WARN_UNINITIALIZED_AUTOS = YES_AGGRESSIVE;
				GCC_WARN_UNUSED_FUNCTION = YES;
				GCC_WARN_UNUSED_VARIABLE = YES;
				IPHONEOS_DEPLOYMENT_TARGET = 8.0;
				MTL_ENABLE_DEBUG_INFO = YES;
				ONLY_ACTIVE_ARCH = YES;
				SDKROOT = iphoneos;
				SWIFT_OPTIMIZATION_LEVEL = "-Onone";
			};
			name = Debug;
		};
		02EE2F9C19CCA0B400B1EC1B /* Release */ = {
			isa = XCBuildConfiguration;
			buildSettings = {
				ALWAYS_SEARCH_USER_PATHS = NO;
				CLANG_CXX_LANGUAGE_STANDARD = "gnu++0x";
				CLANG_CXX_LIBRARY = "libc++";
				CLANG_ENABLE_MODULES = YES;
				CLANG_ENABLE_OBJC_ARC = YES;
				CLANG_WARN_BOOL_CONVERSION = YES;
				CLANG_WARN_CONSTANT_CONVERSION = YES;
				CLANG_WARN_DIRECT_OBJC_ISA_USAGE = YES_ERROR;
				CLANG_WARN_EMPTY_BODY = YES;
				CLANG_WARN_ENUM_CONVERSION = YES;
				CLANG_WARN_INT_CONVERSION = YES;
				CLANG_WARN_OBJC_ROOT_CLASS = YES_ERROR;
				CLANG_WARN_UNREACHABLE_CODE = YES;
				CLANG_WARN__DUPLICATE_METHOD_MATCH = YES;
				"CODE_SIGN_IDENTITY[sdk=iphoneos*]" = "iPhone Developer";
				COPY_PHASE_STRIP = YES;
				ENABLE_NS_ASSERTIONS = NO;
				ENABLE_STRICT_OBJC_MSGSEND = YES;
				GCC_C_LANGUAGE_STANDARD = gnu99;
				GCC_WARN_64_TO_32_BIT_CONVERSION = YES;
				GCC_WARN_ABOUT_RETURN_TYPE = YES_ERROR;
				GCC_WARN_UNDECLARED_SELECTOR = YES;
				GCC_WARN_UNINITIALIZED_AUTOS = YES_AGGRESSIVE;
				GCC_WARN_UNUSED_FUNCTION = YES;
				GCC_WARN_UNUSED_VARIABLE = YES;
				IPHONEOS_DEPLOYMENT_TARGET = 8.0;
				MTL_ENABLE_DEBUG_INFO = NO;
				SDKROOT = iphoneos;
				VALIDATE_PRODUCT = YES;
			};
			name = Release;
		};
		02EE2F9E19CCA0B400B1EC1B /* Debug */ = {
			isa = XCBuildConfiguration;
			buildSettings = {
				ASSETCATALOG_COMPILER_APPICON_NAME = AppIcon;
				INFOPLIST_FILE = "CodePath - Carousel/Info.plist";
				LD_RUNPATH_SEARCH_PATHS = "$(inherited) @executable_path/Frameworks";
				PRODUCT_NAME = "$(TARGET_NAME)";
			};
			name = Debug;
		};
		02EE2F9F19CCA0B400B1EC1B /* Release */ = {
			isa = XCBuildConfiguration;
			buildSettings = {
				ASSETCATALOG_COMPILER_APPICON_NAME = AppIcon;
				INFOPLIST_FILE = "CodePath - Carousel/Info.plist";
				LD_RUNPATH_SEARCH_PATHS = "$(inherited) @executable_path/Frameworks";
				PRODUCT_NAME = "$(TARGET_NAME)";
			};
			name = Release;
		};
		02EE2FA119CCA0B400B1EC1B /* Debug */ = {
			isa = XCBuildConfiguration;
			buildSettings = {
				BUNDLE_LOADER = "$(TEST_HOST)";
				FRAMEWORK_SEARCH_PATHS = (
					"$(SDKROOT)/Developer/Library/Frameworks",
					"$(inherited)",
				);
				GCC_PREPROCESSOR_DEFINITIONS = (
					"DEBUG=1",
					"$(inherited)",
				);
				INFOPLIST_FILE = "CodePath - CarouselTests/Info.plist";
				LD_RUNPATH_SEARCH_PATHS = "$(inherited) @executable_path/Frameworks @loader_path/Frameworks";
				PRODUCT_NAME = "$(TARGET_NAME)";
				TEST_HOST = "$(BUILT_PRODUCTS_DIR)/CodePath - Carousel.app/CodePath - Carousel";
			};
			name = Debug;
		};
		02EE2FA219CCA0B400B1EC1B /* Release */ = {
			isa = XCBuildConfiguration;
			buildSettings = {
				BUNDLE_LOADER = "$(TEST_HOST)";
				FRAMEWORK_SEARCH_PATHS = (
					"$(SDKROOT)/Developer/Library/Frameworks",
					"$(inherited)",
				);
				INFOPLIST_FILE = "CodePath - CarouselTests/Info.plist";
				LD_RUNPATH_SEARCH_PATHS = "$(inherited) @executable_path/Frameworks @loader_path/Frameworks";
				PRODUCT_NAME = "$(TARGET_NAME)";
				TEST_HOST = "$(BUILT_PRODUCTS_DIR)/CodePath - Carousel.app/CodePath - Carousel";
			};
			name = Release;
		};
/* End XCBuildConfiguration section */

/* Begin XCConfigurationList section */
		02EE2F7919CCA0B400B1EC1B /* Build configuration list for PBXProject "CodePath - Carousel" */ = {
			isa = XCConfigurationList;
			buildConfigurations = (
				02EE2F9B19CCA0B400B1EC1B /* Debug */,
				02EE2F9C19CCA0B400B1EC1B /* Release */,
			);
			defaultConfigurationIsVisible = 0;
			defaultConfigurationName = Release;
		};
		02EE2F9D19CCA0B400B1EC1B /* Build configuration list for PBXNativeTarget "CodePath - Carousel" */ = {
			isa = XCConfigurationList;
			buildConfigurations = (
				02EE2F9E19CCA0B400B1EC1B /* Debug */,
				02EE2F9F19CCA0B400B1EC1B /* Release */,
			);
			defaultConfigurationIsVisible = 0;
			defaultConfigurationName = Release;
		};
		02EE2FA019CCA0B400B1EC1B /* Build configuration list for PBXNativeTarget "CodePath - CarouselTests" */ = {
			isa = XCConfigurationList;
			buildConfigurations = (
				02EE2FA119CCA0B400B1EC1B /* Debug */,
				02EE2FA219CCA0B400B1EC1B /* Release */,
			);
			defaultConfigurationIsVisible = 0;
			defaultConfigurationName = Release;
		};
/* End XCConfigurationList section */
	};
	rootObject = 02EE2F7619CCA0B400B1EC1B /* Project object */;
}
